
Microsoft Visual Studio Solution File, Format Version 12.00
Project("{FAE04EC0-301F-11D3-BF4B-00C04F79EFBC}") = "Domain", "Domain\Domain.csproj", "{04431345-059D-4539-A97E-8BD5A2ABA90C}"
EndProject
Project("{FAE04EC0-301F-11D3-BF4B-00C04F79EFBC}") = "DAL", "DAL\DAL.csproj", "{23273456-53C0-464E-AF7A-ED3352E92B54}"
EndProject
Project("{FAE04EC0-301F-11D3-BF4B-00C04F79EFBC}") = "WebApp", "WebApp\WebApp.csproj", "{D86DA3A0-6AEF-489E-A633-4B276D4FF271}"
EndProject
Global
	GlobalSection(SolutionConfigurationPlatforms) = preSolution
		Debug|Any CPU = Debug|Any CPU
		Release|Any CPU = Release|Any CPU
	EndGlobalSection
	GlobalSection(ProjectConfigurationPlatforms) = postSolution
		{04431345-059D-4539-A97E-8BD5A2ABA90C}.Debug|Any CPU.ActiveCfg = Debug|Any CPU
		{04431345-059D-4539-A97E-8BD5A2ABA90C}.Debug|Any CPU.Build.0 = Debug|Any CPU
		{04431345-059D-4539-A97E-8BD5A2ABA90C}.Release|Any CPU.ActiveCfg = Release|Any CPU
		{04431345-059D-4539-A97E-8BD5A2ABA90C}.Release|Any CPU.Build.0 = Release|Any CPU
		{23273456-53C0-464E-AF7A-ED3352E92B54}.Debug|Any CPU.ActiveCfg = Debug|Any CPU
		{23273456-53C0-464E-AF7A-ED3352E92B54}.Debug|Any CPU.Build.0 = Debug|Any CPU
		{23273456-53C0-464E-AF7A-ED3352E92B54}.Release|Any CPU.ActiveCfg = Release|Any CPU
		{23273456-53C0-464E-AF7A-ED3352E92B54}.Release|Any CPU.Build.0 = Release|Any CPU
		{D86DA3A0-6AEF-489E-A633-4B276D4FF271}.Debug|Any CPU.ActiveCfg = Debug|Any CPU
		{D86DA3A0-6AEF-489E-A633-4B276D4FF271}.Debug|Any CPU.Build.0 = Debug|Any CPU
		{D86DA3A0-6AEF-489E-A633-4B276D4FF271}.Release|Any CPU.ActiveCfg = Release|Any CPU
		{D86DA3A0-6AEF-489E-A633-4B276D4FF271}.Release|Any CPU.Build.0 = Release|Any CPU
	EndGlobalSection
EndGlobal
